
Microsoft Visual Studio Solution File, Format Version 12.00
# Visual Studio Version 16
VisualStudioVersion = 16.0.29728.190
MinimumVisualStudioVersion = 10.0.40219.1
Project("{FAE04EC0-301F-11D3-BF4B-00C04F79EFBC}") = "wcf_chat", "wcf_chat.csproj", "{F0D86AE4-339C-4628-B5A2-209A3EEE37A6}"
EndProject
Project("{FAE04EC0-301F-11D3-BF4B-00C04F79EFBC}") = "ChatHost", "..\ChatHost\ChatHost.csproj", "{C943FF4A-B0A7-417D-A874-930307822FA3}"
EndProject
Project("{FAE04EC0-301F-11D3-BF4B-00C04F79EFBC}") = "ChatClient", "..\ChatClient\ChatClient.csproj", "{502117C7-9768-4607-BEE2-64F234684F21}"
EndProject
Global
	GlobalSection(SolutionConfigurationPlatforms) = preSolution
		Debug|Any CPU = Debug|Any CPU
		Release|Any CPU = Release|Any CPU
	EndGlobalSection
	GlobalSection(ProjectConfigurationPlatforms) = postSolution
		{F0D86AE4-339C-4628-B5A2-209A3EEE37A6}.Debug|Any CPU.ActiveCfg = Debug|Any CPU
		{F0D86AE4-339C-4628-B5A2-209A3EEE37A6}.Debug|Any CPU.Build.0 = Debug|Any CPU
		{F0D86AE4-339C-4628-B5A2-209A3EEE37A6}.Release|Any CPU.ActiveCfg = Release|Any CPU
		{F0D86AE4-339C-4628-B5A2-209A3EEE37A6}.Release|Any CPU.Build.0 = Release|Any CPU
		{C943FF4A-B0A7-417D-A874-930307822FA3}.Debug|Any CPU.ActiveCfg = Debug|Any CPU
		{C943FF4A-B0A7-417D-A874-930307822FA3}.Debug|Any CPU.Build.0 = Debug|Any CPU
		{C943FF4A-B0A7-417D-A874-930307822FA3}.Release|Any CPU.ActiveCfg = Release|Any CPU
		{C943FF4A-B0A7-417D-A874-930307822FA3}.Release|Any CPU.Build.0 = Release|Any CPU
		{502117C7-9768-4607-BEE2-64F234684F21}.Debug|Any CPU.ActiveCfg = Debug|Any CPU
		{502117C7-9768-4607-BEE2-64F234684F21}.Debug|Any CPU.Build.0 = Debug|Any CPU
		{502117C7-9768-4607-BEE2-64F234684F21}.Release|Any CPU.ActiveCfg = Release|Any CPU
		{502117C7-9768-4607-BEE2-64F234684F21}.Release|Any CPU.Build.0 = Release|Any CPU
	EndGlobalSection
	GlobalSection(SolutionProperties) = preSolution
		HideSolutionNode = FALSE
	EndGlobalSection
	GlobalSection(ExtensibilityGlobals) = postSolution
		SolutionGuid = {09052821-43AE-4434-B853-6E524EE2B30A}
	EndGlobalSection
EndGlobal
